// !$*UTF8*$!
{
	archiveVersion = 1;
	classes = {
	};
	objectVersion = 56;
	objects = {

/* Begin PBXBuildFile section */
		625675C60FA5F384268D981F /* Pods_TwitterCloneApp.framework in Frameworks */ = {isa = PBXBuildFile; fileRef = E0B26CB647A993881FB43759 /* Pods_TwitterCloneApp.framework */; };
		CFF08FB0295653AA0001AEAB /* AppDelegate.swift in Sources */ = {isa = PBXBuildFile; fileRef = CFF08FAF295653AA0001AEAB /* AppDelegate.swift */; };
		CFF08FB2295653AA0001AEAB /* SceneDelegate.swift in Sources */ = {isa = PBXBuildFile; fileRef = CFF08FB1295653AA0001AEAB /* SceneDelegate.swift */; };
		CFF08FB7295653AA0001AEAB /* Main.storyboard in Resources */ = {isa = PBXBuildFile; fileRef = CFF08FB5295653AA0001AEAB /* Main.storyboard */; };
		CFF08FB9295653AB0001AEAB /* Assets.xcassets in Resources */ = {isa = PBXBuildFile; fileRef = CFF08FB8295653AB0001AEAB /* Assets.xcassets */; };
		CFF08FBC295653AB0001AEAB /* LaunchScreen.storyboard in Resources */ = {isa = PBXBuildFile; fileRef = CFF08FBA295653AB0001AEAB /* LaunchScreen.storyboard */; };
		CFF08FD1295657240001AEAB /* FeedController.swift in Sources */ = {isa = PBXBuildFile; fileRef = CFF08FCB295657230001AEAB /* FeedController.swift */; };
		CFF08FD2295657240001AEAB /* ExploreController.swift in Sources */ = {isa = PBXBuildFile; fileRef = CFF08FCC295657230001AEAB /* ExploreController.swift */; };
		CFF08FD3295657240001AEAB /* ConversationsController.swift in Sources */ = {isa = PBXBuildFile; fileRef = CFF08FCD295657230001AEAB /* ConversationsController.swift */; };
		CFF08FD4295657240001AEAB /* MainTabController.swift in Sources */ = {isa = PBXBuildFile; fileRef = CFF08FCE295657230001AEAB /* MainTabController.swift */; };
		CFF08FD6295657240001AEAB /* NotificationsController.swift in Sources */ = {isa = PBXBuildFile; fileRef = CFF08FD0295657240001AEAB /* NotificationsController.swift */; };
		CFF08FDA2956577F0001AEAB /* RegistrationController.swift in Sources */ = {isa = PBXBuildFile; fileRef = CFF08FD82956577F0001AEAB /* RegistrationController.swift */; };
		CFF08FDB2956577F0001AEAB /* LoginController.swift in Sources */ = {isa = PBXBuildFile; fileRef = CFF08FD92956577F0001AEAB /* LoginController.swift */; };
		CFF08FDE295657920001AEAB /* Utilities.swift in Sources */ = {isa = PBXBuildFile; fileRef = CFF08FDC295657920001AEAB /* Utilities.swift */; };
		CFF08FDF295657920001AEAB /* Extensions.swift in Sources */ = {isa = PBXBuildFile; fileRef = CFF08FDD295657920001AEAB /* Extensions.swift */; };
		CFF08FE0295658710001AEAB /* GoogleService-Info.plist in Resources */ = {isa = PBXBuildFile; fileRef = CFF08FC3295654020001AEAB /* GoogleService-Info.plist */; };
		CFF08FE229566C520001AEAB /* Constants.swift in Sources */ = {isa = PBXBuildFile; fileRef = CFF08FE129566C520001AEAB /* Constants.swift */; };
		CFF08FE429571BD80001AEAB /* AuthService.swift in Sources */ = {isa = PBXBuildFile; fileRef = CFF08FE329571BD80001AEAB /* AuthService.swift */; };
		CFF08FE62957396A0001AEAB /* UserService.swift in Sources */ = {isa = PBXBuildFile; fileRef = CFF08FE52957396A0001AEAB /* UserService.swift */; };
		CFF08FE829573E710001AEAB /* User.swift in Sources */ = {isa = PBXBuildFile; fileRef = CFF08FE729573E710001AEAB /* User.swift */; };
		CFF08FEA295758220001AEAB /* UploadTweetController.swift in Sources */ = {isa = PBXBuildFile; fileRef = CFF08FE9295758220001AEAB /* UploadTweetController.swift */; };
		CFF08FEC2957BA5D0001AEAB /* CaptionTextView.swift in Sources */ = {isa = PBXBuildFile; fileRef = CFF08FEB2957BA5D0001AEAB /* CaptionTextView.swift */; };
		CFF08FEE2957BF870001AEAB /* TweetService.swift in Sources */ = {isa = PBXBuildFile; fileRef = CFF08FED2957BF870001AEAB /* TweetService.swift */; };
		CFF08FF02957C4C80001AEAB /* Tweet.swift in Sources */ = {isa = PBXBuildFile; fileRef = CFF08FEF2957C4C80001AEAB /* Tweet.swift */; };
		CFF08FF22957CB2B0001AEAB /* TweetCell.swift in Sources */ = {isa = PBXBuildFile; fileRef = CFF08FF12957CB2B0001AEAB /* TweetCell.swift */; };
		CFF08FF429587A7F0001AEAB /* TweetViewModel.swift in Sources */ = {isa = PBXBuildFile; fileRef = CFF08FF329587A7F0001AEAB /* TweetViewModel.swift */; };
		CFF08FF62958A4710001AEAB /* ProfileController.swift in Sources */ = {isa = PBXBuildFile; fileRef = CFF08FF52958A4710001AEAB /* ProfileController.swift */; };
		CFF08FF82958E8E80001AEAB /* ProfileHeader.swift in Sources */ = {isa = PBXBuildFile; fileRef = CFF08FF72958E8E80001AEAB /* ProfileHeader.swift */; };
		CFF08FFA295970320001AEAB /* ProfileFilterView.swift in Sources */ = {isa = PBXBuildFile; fileRef = CFF08FF9295970320001AEAB /* ProfileFilterView.swift */; };
		CFF08FFC295972940001AEAB /* ProfileFilterCell.swift in Sources */ = {isa = PBXBuildFile; fileRef = CFF08FFB295972940001AEAB /* ProfileFilterCell.swift */; };
		CFF08FFE295992B70001AEAB /* ProfileHeaderViewModel.swift in Sources */ = {isa = PBXBuildFile; fileRef = CFF08FFD295992B70001AEAB /* ProfileHeaderViewModel.swift */; };
		CFF09000295A4AD80001AEAB /* UserCell.swift in Sources */ = {isa = PBXBuildFile; fileRef = CFF08FFF295A4AD80001AEAB /* UserCell.swift */; };
		CFF09002295BBC270001AEAB /* TweetController.swift in Sources */ = {isa = PBXBuildFile; fileRef = CFF09001295BBC270001AEAB /* TweetController.swift */; };
		CFF09004295BBE920001AEAB /* TweetHeader.swift in Sources */ = {isa = PBXBuildFile; fileRef = CFF09003295BBE920001AEAB /* TweetHeader.swift */; };
		CFF09006295F3D260001AEAB /* UploadTweetViewModel.swift in Sources */ = {isa = PBXBuildFile; fileRef = CFF09005295F3D260001AEAB /* UploadTweetViewModel.swift */; };
		CFF0900829608DCE0001AEAB /* ActionSheetLauncher.swift in Sources */ = {isa = PBXBuildFile; fileRef = CFF0900729608DCE0001AEAB /* ActionSheetLauncher.swift */; };
		CFF0900A29609BE30001AEAB /* ActionSheetCell.swift in Sources */ = {isa = PBXBuildFile; fileRef = CFF0900929609BE30001AEAB /* ActionSheetCell.swift */; };
		CFF0900C2962D7840001AEAB /* ActionSheetViewModel.swift in Sources */ = {isa = PBXBuildFile; fileRef = CFF0900B2962D7840001AEAB /* ActionSheetViewModel.swift */; };
		CFF8A51C2966149B0028D8C8 /* Notification.swift in Sources */ = {isa = PBXBuildFile; fileRef = CFF8A51B2966149B0028D8C8 /* Notification.swift */; };
		CFF8A51E2966181F0028D8C8 /* NotificationService.swift in Sources */ = {isa = PBXBuildFile; fileRef = CFF8A51D2966181F0028D8C8 /* NotificationService.swift */; };
		CFF8A52029662A6C0028D8C8 /* NotificationCell.swift in Sources */ = {isa = PBXBuildFile; fileRef = CFF8A51F29662A6C0028D8C8 /* NotificationCell.swift */; };
/* End PBXBuildFile section */

/* Begin PBXFileReference section */
		A590350E91586BC2BE909109 /* Pods-TwitterCloneApp.release.xcconfig */ = {isa = PBXFileReference; includeInIndex = 1; lastKnownFileType = text.xcconfig; name = "Pods-TwitterCloneApp.release.xcconfig"; path = "Target Support Files/Pods-TwitterCloneApp/Pods-TwitterCloneApp.release.xcconfig"; sourceTree = "<group>"; };
		CBA667595776F418937130DB /* Pods-TwitterCloneApp.debug.xcconfig */ = {isa = PBXFileReference; includeInIndex = 1; lastKnownFileType = text.xcconfig; name = "Pods-TwitterCloneApp.debug.xcconfig"; path = "Target Support Files/Pods-TwitterCloneApp/Pods-TwitterCloneApp.debug.xcconfig"; sourceTree = "<group>"; };
		CFF08FAC295653AA0001AEAB /* TwitterCloneApp.app */ = {isa = PBXFileReference; explicitFileType = wrapper.application; includeInIndex = 0; path = TwitterCloneApp.app; sourceTree = BUILT_PRODUCTS_DIR; };
		CFF08FAF295653AA0001AEAB /* AppDelegate.swift */ = {isa = PBXFileReference; lastKnownFileType = sourcecode.swift; path = AppDelegate.swift; sourceTree = "<group>"; };
		CFF08FB1295653AA0001AEAB /* SceneDelegate.swift */ = {isa = PBXFileReference; lastKnownFileType = sourcecode.swift; path = SceneDelegate.swift; sourceTree = "<group>"; };
		CFF08FB6295653AA0001AEAB /* Base */ = {isa = PBXFileReference; lastKnownFileType = file.storyboard; name = Base; path = Base.lproj/Main.storyboard; sourceTree = "<group>"; };
		CFF08FB8295653AB0001AEAB /* Assets.xcassets */ = {isa = PBXFileReference; lastKnownFileType = folder.assetcatalog; path = Assets.xcassets; sourceTree = "<group>"; };
		CFF08FBB295653AB0001AEAB /* Base */ = {isa = PBXFileReference; lastKnownFileType = file.storyboard; name = Base; path = Base.lproj/LaunchScreen.storyboard; sourceTree = "<group>"; };
		CFF08FBD295653AB0001AEAB /* Info.plist */ = {isa = PBXFileReference; lastKnownFileType = text.plist.xml; path = Info.plist; sourceTree = "<group>"; };
		CFF08FC3295654020001AEAB /* GoogleService-Info.plist */ = {isa = PBXFileReference; fileEncoding = 4; lastKnownFileType = text.plist.xml; path = "GoogleService-Info.plist"; sourceTree = "<group>"; };
		CFF08FCB295657230001AEAB /* FeedController.swift */ = {isa = PBXFileReference; fileEncoding = 4; lastKnownFileType = sourcecode.swift; path = FeedController.swift; sourceTree = "<group>"; };
		CFF08FCC295657230001AEAB /* ExploreController.swift */ = {isa = PBXFileReference; fileEncoding = 4; lastKnownFileType = sourcecode.swift; path = ExploreController.swift; sourceTree = "<group>"; };
		CFF08FCD295657230001AEAB /* ConversationsController.swift */ = {isa = PBXFileReference; fileEncoding = 4; lastKnownFileType = sourcecode.swift; path = ConversationsController.swift; sourceTree = "<group>"; };
		CFF08FCE295657230001AEAB /* MainTabController.swift */ = {isa = PBXFileReference; fileEncoding = 4; lastKnownFileType = sourcecode.swift; path = MainTabController.swift; sourceTree = "<group>"; };
		CFF08FD0295657240001AEAB /* NotificationsController.swift */ = {isa = PBXFileReference; fileEncoding = 4; lastKnownFileType = sourcecode.swift; path = NotificationsController.swift; sourceTree = "<group>"; };
		CFF08FD82956577F0001AEAB /* RegistrationController.swift */ = {isa = PBXFileReference; fileEncoding = 4; lastKnownFileType = sourcecode.swift; path = RegistrationController.swift; sourceTree = "<group>"; };
		CFF08FD92956577F0001AEAB /* LoginController.swift */ = {isa = PBXFileReference; fileEncoding = 4; lastKnownFileType = sourcecode.swift; path = LoginController.swift; sourceTree = "<group>"; };
		CFF08FDC295657920001AEAB /* Utilities.swift */ = {isa = PBXFileReference; fileEncoding = 4; lastKnownFileType = sourcecode.swift; path = Utilities.swift; sourceTree = "<group>"; };
		CFF08FDD295657920001AEAB /* Extensions.swift */ = {isa = PBXFileReference; fileEncoding = 4; lastKnownFileType = sourcecode.swift; path = Extensions.swift; sourceTree = "<group>"; };
		CFF08FE129566C520001AEAB /* Constants.swift */ = {isa = PBXFileReference; lastKnownFileType = sourcecode.swift; path = Constants.swift; sourceTree = "<group>"; };
		CFF08FE329571BD80001AEAB /* AuthService.swift */ = {isa = PBXFileReference; lastKnownFileType = sourcecode.swift; path = AuthService.swift; sourceTree = "<group>"; };
		CFF08FE52957396A0001AEAB /* UserService.swift */ = {isa = PBXFileReference; lastKnownFileType = sourcecode.swift; path = UserService.swift; sourceTree = "<group>"; };
		CFF08FE729573E710001AEAB /* User.swift */ = {isa = PBXFileReference; lastKnownFileType = sourcecode.swift; path = User.swift; sourceTree = "<group>"; };
		CFF08FE9295758220001AEAB /* UploadTweetController.swift */ = {isa = PBXFileReference; lastKnownFileType = sourcecode.swift; path = UploadTweetController.swift; sourceTree = "<group>"; };
		CFF08FEB2957BA5D0001AEAB /* CaptionTextView.swift */ = {isa = PBXFileReference; lastKnownFileType = sourcecode.swift; path = CaptionTextView.swift; sourceTree = "<group>"; };
		CFF08FED2957BF870001AEAB /* TweetService.swift */ = {isa = PBXFileReference; lastKnownFileType = sourcecode.swift; path = TweetService.swift; sourceTree = "<group>"; };
		CFF08FEF2957C4C80001AEAB /* Tweet.swift */ = {isa = PBXFileReference; lastKnownFileType = sourcecode.swift; path = Tweet.swift; sourceTree = "<group>"; };
		CFF08FF12957CB2B0001AEAB /* TweetCell.swift */ = {isa = PBXFileReference; lastKnownFileType = sourcecode.swift; path = TweetCell.swift; sourceTree = "<group>"; };
		CFF08FF329587A7F0001AEAB /* TweetViewModel.swift */ = {isa = PBXFileReference; lastKnownFileType = sourcecode.swift; path = TweetViewModel.swift; sourceTree = "<group>"; };
		CFF08FF52958A4710001AEAB /* ProfileController.swift */ = {isa = PBXFileReference; lastKnownFileType = sourcecode.swift; path = ProfileController.swift; sourceTree = "<group>"; };
		CFF08FF72958E8E80001AEAB /* ProfileHeader.swift */ = {isa = PBXFileReference; lastKnownFileType = sourcecode.swift; path = ProfileHeader.swift; sourceTree = "<group>"; };
		CFF08FF9295970320001AEAB /* ProfileFilterView.swift */ = {isa = PBXFileReference; lastKnownFileType = sourcecode.swift; path = ProfileFilterView.swift; sourceTree = "<group>"; };
		CFF08FFB295972940001AEAB /* ProfileFilterCell.swift */ = {isa = PBXFileReference; lastKnownFileType = sourcecode.swift; path = ProfileFilterCell.swift; sourceTree = "<group>"; };
		CFF08FFD295992B70001AEAB /* ProfileHeaderViewModel.swift */ = {isa = PBXFileReference; lastKnownFileType = sourcecode.swift; path = ProfileHeaderViewModel.swift; sourceTree = "<group>"; };
		CFF08FFF295A4AD80001AEAB /* UserCell.swift */ = {isa = PBXFileReference; lastKnownFileType = sourcecode.swift; path = UserCell.swift; sourceTree = "<group>"; };
		CFF09001295BBC270001AEAB /* TweetController.swift */ = {isa = PBXFileReference; lastKnownFileType = sourcecode.swift; path = TweetController.swift; sourceTree = "<group>"; };
		CFF09003295BBE920001AEAB /* TweetHeader.swift */ = {isa = PBXFileReference; lastKnownFileType = sourcecode.swift; path = TweetHeader.swift; sourceTree = "<group>"; };
		CFF09005295F3D260001AEAB /* UploadTweetViewModel.swift */ = {isa = PBXFileReference; lastKnownFileType = sourcecode.swift; path = UploadTweetViewModel.swift; sourceTree = "<group>"; };
		CFF0900729608DCE0001AEAB /* ActionSheetLauncher.swift */ = {isa = PBXFileReference; lastKnownFileType = sourcecode.swift; path = ActionSheetLauncher.swift; sourceTree = "<group>"; };
		CFF0900929609BE30001AEAB /* ActionSheetCell.swift */ = {isa = PBXFileReference; lastKnownFileType = sourcecode.swift; path = ActionSheetCell.swift; sourceTree = "<group>"; };
		CFF0900B2962D7840001AEAB /* ActionSheetViewModel.swift */ = {isa = PBXFileReference; lastKnownFileType = sourcecode.swift; path = ActionSheetViewModel.swift; sourceTree = "<group>"; };
		CFF8A51B2966149B0028D8C8 /* Notification.swift */ = {isa = PBXFileReference; lastKnownFileType = sourcecode.swift; path = Notification.swift; sourceTree = "<group>"; };
		CFF8A51D2966181F0028D8C8 /* NotificationService.swift */ = {isa = PBXFileReference; lastKnownFileType = sourcecode.swift; path = NotificationService.swift; sourceTree = "<group>"; };
		CFF8A51F29662A6C0028D8C8 /* NotificationCell.swift */ = {isa = PBXFileReference; lastKnownFileType = sourcecode.swift; path = NotificationCell.swift; sourceTree = "<group>"; };
		E0B26CB647A993881FB43759 /* Pods_TwitterCloneApp.framework */ = {isa = PBXFileReference; explicitFileType = wrapper.framework; includeInIndex = 0; path = Pods_TwitterCloneApp.framework; sourceTree = BUILT_PRODUCTS_DIR; };
/* End PBXFileReference section */

/* Begin PBXFrameworksBuildPhase section */
		CFF08FA9295653AA0001AEAB /* Frameworks */ = {
			isa = PBXFrameworksBuildPhase;
			buildActionMask = 2147483647;
			files = (
				625675C60FA5F384268D981F /* Pods_TwitterCloneApp.framework in Frameworks */,
			);
			runOnlyForDeploymentPostprocessing = 0;
		};
/* End PBXFrameworksBuildPhase section */

/* Begin PBXGroup section */
		3894753CA5F26B7C0E60DCBD /* Pods */ = {
			isa = PBXGroup;
			children = (
				CBA667595776F418937130DB /* Pods-TwitterCloneApp.debug.xcconfig */,
				A590350E91586BC2BE909109 /* Pods-TwitterCloneApp.release.xcconfig */,
			);
			path = Pods;
			sourceTree = "<group>";
		};
		986FCC69D12C093149CBE858 /* Frameworks */ = {
			isa = PBXGroup;
			children = (
				E0B26CB647A993881FB43759 /* Pods_TwitterCloneApp.framework */,
			);
			name = Frameworks;
			sourceTree = "<group>";
		};
		CFF08FA3295653AA0001AEAB = {
			isa = PBXGroup;
			children = (
				CFF08FAE295653AA0001AEAB /* TwitterCloneApp */,
				CFF08FAD295653AA0001AEAB /* Products */,
				3894753CA5F26B7C0E60DCBD /* Pods */,
				986FCC69D12C093149CBE858 /* Frameworks */,
			);
			sourceTree = "<group>";
		};
		CFF08FAD295653AA0001AEAB /* Products */ = {
			isa = PBXGroup;
			children = (
				CFF08FAC295653AA0001AEAB /* TwitterCloneApp.app */,
			);
			name = Products;
			sourceTree = "<group>";
		};
		CFF08FAE295653AA0001AEAB /* TwitterCloneApp */ = {
			isa = PBXGroup;
			children = (
				CFF08FC5295656870001AEAB /* Model */,
				CFF08FC6295656900001AEAB /* View */,
				CFF08FC72956569A0001AEAB /* ViewModel */,
				CFF08FC8295656A40001AEAB /* Controller */,
				CFF08FC9295656AA0001AEAB /* API */,
				CFF08FCA295656B00001AEAB /* Utils */,
				CFF08FAF295653AA0001AEAB /* AppDelegate.swift */,
				CFF08FB1295653AA0001AEAB /* SceneDelegate.swift */,
				CFF08FB5295653AA0001AEAB /* Main.storyboard */,
				CFF08FB8295653AB0001AEAB /* Assets.xcassets */,
				CFF08FBA295653AB0001AEAB /* LaunchScreen.storyboard */,
				CFF08FC3295654020001AEAB /* GoogleService-Info.plist */,
				CFF08FBD295653AB0001AEAB /* Info.plist */,
			);
			path = TwitterCloneApp;
			sourceTree = "<group>";
		};
		CFF08FC5295656870001AEAB /* Model */ = {
			isa = PBXGroup;
			children = (
				CFF08FE729573E710001AEAB /* User.swift */,
				CFF08FEF2957C4C80001AEAB /* Tweet.swift */,
				CFF8A51B2966149B0028D8C8 /* Notification.swift */,
			);
			path = Model;
			sourceTree = "<group>";
		};
		CFF08FC6295656900001AEAB /* View */ = {
			isa = PBXGroup;
			children = (
				CFF08FEB2957BA5D0001AEAB /* CaptionTextView.swift */,
				CFF08FF12957CB2B0001AEAB /* TweetCell.swift */,
				CFF08FF72958E8E80001AEAB /* ProfileHeader.swift */,
				CFF08FF9295970320001AEAB /* ProfileFilterView.swift */,
				CFF08FFB295972940001AEAB /* ProfileFilterCell.swift */,
				CFF08FFF295A4AD80001AEAB /* UserCell.swift */,
				CFF09003295BBE920001AEAB /* TweetHeader.swift */,
				CFF0900929609BE30001AEAB /* ActionSheetCell.swift */,
				CFF8A51F29662A6C0028D8C8 /* NotificationCell.swift */,
			);
			path = View;
			sourceTree = "<group>";
		};
		CFF08FC72956569A0001AEAB /* ViewModel */ = {
			isa = PBXGroup;
			children = (
				CFF08FF329587A7F0001AEAB /* TweetViewModel.swift */,
				CFF08FFD295992B70001AEAB /* ProfileHeaderViewModel.swift */,
				CFF09005295F3D260001AEAB /* UploadTweetViewModel.swift */,
				CFF0900B2962D7840001AEAB /* ActionSheetViewModel.swift */,
			);
			path = ViewModel;
			sourceTree = "<group>";
		};
		CFF08FC8295656A40001AEAB /* Controller */ = {
			isa = PBXGroup;
			children = (
				CFF08FD72956573E0001AEAB /* Authentication */,
				CFF08FCE295657230001AEAB /* MainTabController.swift */,
				CFF08FCB295657230001AEAB /* FeedController.swift */,
				CFF08FCC295657230001AEAB /* ExploreController.swift */,
				CFF08FD0295657240001AEAB /* NotificationsController.swift */,
				CFF08FCD295657230001AEAB /* ConversationsController.swift */,
				CFF08FE9295758220001AEAB /* UploadTweetController.swift */,
				CFF08FF52958A4710001AEAB /* ProfileController.swift */,
				CFF09001295BBC270001AEAB /* TweetController.swift */,
			);
			path = Controller;
			sourceTree = "<group>";
		};
		CFF08FC9295656AA0001AEAB /* API */ = {
			isa = PBXGroup;
			children = (
				CFF08FE329571BD80001AEAB /* AuthService.swift */,
				CFF08FE52957396A0001AEAB /* UserService.swift */,
				CFF08FED2957BF870001AEAB /* TweetService.swift */,
				CFF8A51D2966181F0028D8C8 /* NotificationService.swift */,
			);
			path = API;
			sourceTree = "<group>";
		};
		CFF08FCA295656B00001AEAB /* Utils */ = {
			isa = PBXGroup;
			children = (
				CFF08FDD295657920001AEAB /* Extensions.swift */,
				CFF08FDC295657920001AEAB /* Utilities.swift */,
				CFF08FE129566C520001AEAB /* Constants.swift */,
				CFF0900729608DCE0001AEAB /* ActionSheetLauncher.swift */,
			);
			path = Utils;
			sourceTree = "<group>";
		};
		CFF08FD72956573E0001AEAB /* Authentication */ = {
			isa = PBXGroup;
			children = (
				CFF08FD92956577F0001AEAB /* LoginController.swift */,
				CFF08FD82956577F0001AEAB /* RegistrationController.swift */,
			);
			path = Authentication;
			sourceTree = "<group>";
		};
/* End PBXGroup section */

/* Begin PBXNativeTarget section */
		CFF08FAB295653AA0001AEAB /* TwitterCloneApp */ = {
			isa = PBXNativeTarget;
			buildConfigurationList = CFF08FC0295653AB0001AEAB /* Build configuration list for PBXNativeTarget "TwitterCloneApp" */;
			buildPhases = (
				E77F0DAF9384FC724D531753 /* [CP] Check Pods Manifest.lock */,
				CFF08FA8295653AA0001AEAB /* Sources */,
				CFF08FA9295653AA0001AEAB /* Frameworks */,
				CFF08FAA295653AA0001AEAB /* Resources */,
				5FA5FBB2D734FC5EDE67852A /* [CP] Embed Pods Frameworks */,
			);
			buildRules = (
			);
			dependencies = (
			);
			name = TwitterCloneApp;
			productName = TwitterCloneApp;
			productReference = CFF08FAC295653AA0001AEAB /* TwitterCloneApp.app */;
			productType = "com.apple.product-type.application";
		};
/* End PBXNativeTarget section */

/* Begin PBXProject section */
		CFF08FA4295653AA0001AEAB /* Project object */ = {
			isa = PBXProject;
			attributes = {
				BuildIndependentTargetsInParallel = 1;
				LastSwiftUpdateCheck = 1420;
				LastUpgradeCheck = 1420;
				TargetAttributes = {
					CFF08FAB295653AA0001AEAB = {
						CreatedOnToolsVersion = 14.2;
					};
				};
			};
			buildConfigurationList = CFF08FA7295653AA0001AEAB /* Build configuration list for PBXProject "TwitterCloneApp" */;
			compatibilityVersion = "Xcode 14.0";
			developmentRegion = en;
			hasScannedForEncodings = 0;
			knownRegions = (
				en,
				Base,
			);
			mainGroup = CFF08FA3295653AA0001AEAB;
			productRefGroup = CFF08FAD295653AA0001AEAB /* Products */;
			projectDirPath = "";
			projectRoot = "";
			targets = (
				CFF08FAB295653AA0001AEAB /* TwitterCloneApp */,
			);
		};
/* End PBXProject section */

/* Begin PBXResourcesBuildPhase section */
		CFF08FAA295653AA0001AEAB /* Resources */ = {
			isa = PBXResourcesBuildPhase;
			buildActionMask = 2147483647;
			files = (
				CFF08FBC295653AB0001AEAB /* LaunchScreen.storyboard in Resources */,
				CFF08FE0295658710001AEAB /* GoogleService-Info.plist in Resources */,
				CFF08FB9295653AB0001AEAB /* Assets.xcassets in Resources */,
				CFF08FB7295653AA0001AEAB /* Main.storyboard in Resources */,
			);
			runOnlyForDeploymentPostprocessing = 0;
		};
/* End PBXResourcesBuildPhase section */

/* Begin PBXShellScriptBuildPhase section */
		5FA5FBB2D734FC5EDE67852A /* [CP] Embed Pods Frameworks */ = {
			isa = PBXShellScriptBuildPhase;
			buildActionMask = 2147483647;
			files = (
			);
			inputFileListPaths = (
				"${PODS_ROOT}/Target Support Files/Pods-TwitterCloneApp/Pods-TwitterCloneApp-frameworks-${CONFIGURATION}-input-files.xcfilelist",
			);
			name = "[CP] Embed Pods Frameworks";
			outputFileListPaths = (
				"${PODS_ROOT}/Target Support Files/Pods-TwitterCloneApp/Pods-TwitterCloneApp-frameworks-${CONFIGURATION}-output-files.xcfilelist",
			);
			runOnlyForDeploymentPostprocessing = 0;
			shellPath = /bin/sh;
			shellScript = "\"${PODS_ROOT}/Target Support Files/Pods-TwitterCloneApp/Pods-TwitterCloneApp-frameworks.sh\"\n";
			showEnvVarsInLog = 0;
		};
		E77F0DAF9384FC724D531753 /* [CP] Check Pods Manifest.lock */ = {
			isa = PBXShellScriptBuildPhase;
			buildActionMask = 2147483647;
			files = (
			);
			inputFileListPaths = (
			);
			inputPaths = (
				"${PODS_PODFILE_DIR_PATH}/Podfile.lock",
				"${PODS_ROOT}/Manifest.lock",
			);
			name = "[CP] Check Pods Manifest.lock";
			outputFileListPaths = (
			);
			outputPaths = (
				"$(DERIVED_FILE_DIR)/Pods-TwitterCloneApp-checkManifestLockResult.txt",
			);
			runOnlyForDeploymentPostprocessing = 0;
			shellPath = /bin/sh;
			shellScript = "diff \"${PODS_PODFILE_DIR_PATH}/Podfile.lock\" \"${PODS_ROOT}/Manifest.lock\" > /dev/null\nif [ $? != 0 ] ; then\n    # print error to STDERR\n    echo \"error: The sandbox is not in sync with the Podfile.lock. Run 'pod install' or update your CocoaPods installation.\" >&2\n    exit 1\nfi\n# This output is used by Xcode 'outputs' to avoid re-running this script phase.\necho \"SUCCESS\" > \"${SCRIPT_OUTPUT_FILE_0}\"\n";
			showEnvVarsInLog = 0;
		};
/* End PBXShellScriptBuildPhase section */

/* Begin PBXSourcesBuildPhase section */
		CFF08FA8295653AA0001AEAB /* Sources */ = {
			isa = PBXSourcesBuildPhase;
			buildActionMask = 2147483647;
			files = (
				CFF08FE62957396A0001AEAB /* UserService.swift in Sources */,
				CFF08FDA2956577F0001AEAB /* RegistrationController.swift in Sources */,
				CFF08FEC2957BA5D0001AEAB /* CaptionTextView.swift in Sources */,
				CFF08FFC295972940001AEAB /* ProfileFilterCell.swift in Sources */,
				CFF08FDE295657920001AEAB /* Utilities.swift in Sources */,
				CFF09000295A4AD80001AEAB /* UserCell.swift in Sources */,
				CFF08FD2295657240001AEAB /* ExploreController.swift in Sources */,
				CFF0900A29609BE30001AEAB /* ActionSheetCell.swift in Sources */,
				CFF08FD4295657240001AEAB /* MainTabController.swift in Sources */,
				CFF08FB0295653AA0001AEAB /* AppDelegate.swift in Sources */,
				CFF09002295BBC270001AEAB /* TweetController.swift in Sources */,
				CFF08FF62958A4710001AEAB /* ProfileController.swift in Sources */,
				CFF09006295F3D260001AEAB /* UploadTweetViewModel.swift in Sources */,
				CFF08FF82958E8E80001AEAB /* ProfileHeader.swift in Sources */,
				CFF08FF22957CB2B0001AEAB /* TweetCell.swift in Sources */,
				CFF08FB2295653AA0001AEAB /* SceneDelegate.swift in Sources */,
				CFF08FE429571BD80001AEAB /* AuthService.swift in Sources */,
				CFF08FFE295992B70001AEAB /* ProfileHeaderViewModel.swift in Sources */,
				CFF08FEA295758220001AEAB /* UploadTweetController.swift in Sources */,
				CFF08FE829573E710001AEAB /* User.swift in Sources */,
				CFF08FDF295657920001AEAB /* Extensions.swift in Sources */,
				CFF08FD3295657240001AEAB /* ConversationsController.swift in Sources */,
				CFF08FD6295657240001AEAB /* NotificationsController.swift in Sources */,
				CFF8A51E2966181F0028D8C8 /* NotificationService.swift in Sources */,
				CFF09004295BBE920001AEAB /* TweetHeader.swift in Sources */,
				CFF08FF429587A7F0001AEAB /* TweetViewModel.swift in Sources */,
				CFF0900C2962D7840001AEAB /* ActionSheetViewModel.swift in Sources */,
				CFF08FD1295657240001AEAB /* FeedController.swift in Sources */,
				CFF8A52029662A6C0028D8C8 /* NotificationCell.swift in Sources */,
				CFF08FDB2956577F0001AEAB /* LoginController.swift in Sources */,
				CFF08FFA295970320001AEAB /* ProfileFilterView.swift in Sources */,
				CFF08FE229566C520001AEAB /* Constants.swift in Sources */,
				CFF8A51C2966149B0028D8C8 /* Notification.swift in Sources */,
				CFF0900829608DCE0001AEAB /* ActionSheetLauncher.swift in Sources */,
				CFF08FF02957C4C80001AEAB /* Tweet.swift in Sources */,
				CFF08FEE2957BF870001AEAB /* TweetService.swift in Sources */,
			);
			runOnlyForDeploymentPostprocessing = 0;
		};
/* End PBXSourcesBuildPhase section */

/* Begin PBXVariantGroup section */
		CFF08FB5295653AA0001AEAB /* Main.storyboard */ = {
			isa = PBXVariantGroup;
			children = (
				CFF08FB6295653AA0001AEAB /* Base */,
			);
			name = Main.storyboard;
			sourceTree = "<group>";
		};
		CFF08FBA295653AB0001AEAB /* LaunchScreen.storyboard */ = {
			isa = PBXVariantGroup;
			children = (
				CFF08FBB295653AB0001AEAB /* Base */,
			);
			name = LaunchScreen.storyboard;
			sourceTree = "<group>";
		};
/* End PBXVariantGroup section */

/* Begin XCBuildConfiguration section */
		CFF08FBE295653AB0001AEAB /* Debug */ = {
			isa = XCBuildConfiguration;
			buildSettings = {
				ALWAYS_SEARCH_USER_PATHS = NO;
				CLANG_ANALYZER_NONNULL = YES;
				CLANG_ANALYZER_NUMBER_OBJECT_CONVERSION = YES_AGGRESSIVE;
				CLANG_CXX_LANGUAGE_STANDARD = "gnu++20";
				CLANG_ENABLE_MODULES = YES;
				CLANG_ENABLE_OBJC_ARC = YES;
				CLANG_ENABLE_OBJC_WEAK = YES;
				CLANG_WARN_BLOCK_CAPTURE_AUTORELEASING = YES;
				CLANG_WARN_BOOL_CONVERSION = YES;
				CLANG_WARN_COMMA = YES;
				CLANG_WARN_CONSTANT_CONVERSION = YES;
				CLANG_WARN_DEPRECATED_OBJC_IMPLEMENTATIONS = YES;
				CLANG_WARN_DIRECT_OBJC_ISA_USAGE = YES_ERROR;
				CLANG_WARN_DOCUMENTATION_COMMENTS = YES;
				CLANG_WARN_EMPTY_BODY = YES;
				CLANG_WARN_ENUM_CONVERSION = YES;
				CLANG_WARN_INFINITE_RECURSION = YES;
				CLANG_WARN_INT_CONVERSION = YES;
				CLANG_WARN_NON_LITERAL_NULL_CONVERSION = YES;
				CLANG_WARN_OBJC_IMPLICIT_RETAIN_SELF = YES;
				CLANG_WARN_OBJC_LITERAL_CONVERSION = YES;
				CLANG_WARN_OBJC_ROOT_CLASS = YES_ERROR;
				CLANG_WARN_QUOTED_INCLUDE_IN_FRAMEWORK_HEADER = YES;
				CLANG_WARN_RANGE_LOOP_ANALYSIS = YES;
				CLANG_WARN_STRICT_PROTOTYPES = YES;
				CLANG_WARN_SUSPICIOUS_MOVE = YES;
				CLANG_WARN_UNGUARDED_AVAILABILITY = YES_AGGRESSIVE;
				CLANG_WARN_UNREACHABLE_CODE = YES;
				CLANG_WARN__DUPLICATE_METHOD_MATCH = YES;
				COPY_PHASE_STRIP = NO;
				DEBUG_INFORMATION_FORMAT = dwarf;
				ENABLE_STRICT_OBJC_MSGSEND = YES;
				ENABLE_TESTABILITY = YES;
				GCC_C_LANGUAGE_STANDARD = gnu11;
				GCC_DYNAMIC_NO_PIC = NO;
				GCC_NO_COMMON_BLOCKS = YES;
				GCC_OPTIMIZATION_LEVEL = 0;
				GCC_PREPROCESSOR_DEFINITIONS = (
					"DEBUG=1",
					"$(inherited)",
				);
				GCC_WARN_64_TO_32_BIT_CONVERSION = YES;
				GCC_WARN_ABOUT_RETURN_TYPE = YES_ERROR;
				GCC_WARN_UNDECLARED_SELECTOR = YES;
				GCC_WARN_UNINITIALIZED_AUTOS = YES_AGGRESSIVE;
				GCC_WARN_UNUSED_FUNCTION = YES;
				GCC_WARN_UNUSED_VARIABLE = YES;
				IPHONEOS_DEPLOYMENT_TARGET = 16.2;
				MTL_ENABLE_DEBUG_INFO = INCLUDE_SOURCE;
				MTL_FAST_MATH = YES;
				ONLY_ACTIVE_ARCH = YES;
				SDKROOT = iphoneos;
				SWIFT_ACTIVE_COMPILATION_CONDITIONS = DEBUG;
				SWIFT_OPTIMIZATION_LEVEL = "-Onone";
			};
			name = Debug;
		};
		CFF08FBF295653AB0001AEAB /* Release */ = {
			isa = XCBuildConfiguration;
			buildSettings = {
				ALWAYS_SEARCH_USER_PATHS = NO;
				CLANG_ANALYZER_NONNULL = YES;
				CLANG_ANALYZER_NUMBER_OBJECT_CONVERSION = YES_AGGRESSIVE;
				CLANG_CXX_LANGUAGE_STANDARD = "gnu++20";
				CLANG_ENABLE_MODULES = YES;
				CLANG_ENABLE_OBJC_ARC = YES;
				CLANG_ENABLE_OBJC_WEAK = YES;
				CLANG_WARN_BLOCK_CAPTURE_AUTORELEASING = YES;
				CLANG_WARN_BOOL_CONVERSION = YES;
				CLANG_WARN_COMMA = YES;
				CLANG_WARN_CONSTANT_CONVERSION = YES;
				CLANG_WARN_DEPRECATED_OBJC_IMPLEMENTATIONS = YES;
				CLANG_WARN_DIRECT_OBJC_ISA_USAGE = YES_ERROR;
				CLANG_WARN_DOCUMENTATION_COMMENTS = YES;
				CLANG_WARN_EMPTY_BODY = YES;
				CLANG_WARN_ENUM_CONVERSION = YES;
				CLANG_WARN_INFINITE_RECURSION = YES;
				CLANG_WARN_INT_CONVERSION = YES;
				CLANG_WARN_NON_LITERAL_NULL_CONVERSION = YES;
				CLANG_WARN_OBJC_IMPLICIT_RETAIN_SELF = YES;
				CLANG_WARN_OBJC_LITERAL_CONVERSION = YES;
				CLANG_WARN_OBJC_ROOT_CLASS = YES_ERROR;
				CLANG_WARN_QUOTED_INCLUDE_IN_FRAMEWORK_HEADER = YES;
				CLANG_WARN_RANGE_LOOP_ANALYSIS = YES;
				CLANG_WARN_STRICT_PROTOTYPES = YES;
				CLANG_WARN_SUSPICIOUS_MOVE = YES;
				CLANG_WARN_UNGUARDED_AVAILABILITY = YES_AGGRESSIVE;
				CLANG_WARN_UNREACHABLE_CODE = YES;
				CLANG_WARN__DUPLICATE_METHOD_MATCH = YES;
				COPY_PHASE_STRIP = NO;
				DEBUG_INFORMATION_FORMAT = "dwarf-with-dsym";
				ENABLE_NS_ASSERTIONS = NO;
				ENABLE_STRICT_OBJC_MSGSEND = YES;
				GCC_C_LANGUAGE_STANDARD = gnu11;
				GCC_NO_COMMON_BLOCKS = YES;
				GCC_WARN_64_TO_32_BIT_CONVERSION = YES;
				GCC_WARN_ABOUT_RETURN_TYPE = YES_ERROR;
				GCC_WARN_UNDECLARED_SELECTOR = YES;
				GCC_WARN_UNINITIALIZED_AUTOS = YES_AGGRESSIVE;
				GCC_WARN_UNUSED_FUNCTION = YES;
				GCC_WARN_UNUSED_VARIABLE = YES;
				IPHONEOS_DEPLOYMENT_TARGET = 16.2;
				MTL_ENABLE_DEBUG_INFO = NO;
				MTL_FAST_MATH = YES;
				SDKROOT = iphoneos;
				SWIFT_COMPILATION_MODE = wholemodule;
				SWIFT_OPTIMIZATION_LEVEL = "-O";
				VALIDATE_PRODUCT = YES;
			};
			name = Release;
		};
		CFF08FC1295653AB0001AEAB /* Debug */ = {
			isa = XCBuildConfiguration;
			baseConfigurationReference = CBA667595776F418937130DB /* Pods-TwitterCloneApp.debug.xcconfig */;
			buildSettings = {
				ASSETCATALOG_COMPILER_APPICON_NAME = AppIcon;
				ASSETCATALOG_COMPILER_GLOBAL_ACCENT_COLOR_NAME = AccentColor;
				CODE_SIGN_STYLE = Automatic;
				CURRENT_PROJECT_VERSION = 1;
				DEVELOPMENT_TEAM = NKA7PWRC7T;
				GENERATE_INFOPLIST_FILE = YES;
				INFOPLIST_FILE = TwitterCloneApp/Info.plist;
				INFOPLIST_KEY_UIApplicationSupportsIndirectInputEvents = YES;
				INFOPLIST_KEY_UILaunchStoryboardName = LaunchScreen;
				INFOPLIST_KEY_UIMainStoryboardFile = Main;
				INFOPLIST_KEY_UIStatusBarStyle = "";
				INFOPLIST_KEY_UISupportedInterfaceOrientations_iPad = "UIInterfaceOrientationPortrait UIInterfaceOrientationPortraitUpsideDown UIInterfaceOrientationLandscapeLeft UIInterfaceOrientationLandscapeRight";
				INFOPLIST_KEY_UISupportedInterfaceOrientations_iPhone = "UIInterfaceOrientationPortrait UIInterfaceOrientationLandscapeLeft UIInterfaceOrientationLandscapeRight";
				IPHONEOS_DEPLOYMENT_TARGET = 13.0;
				LD_RUNPATH_SEARCH_PATHS = (
					"$(inherited)",
					"@executable_path/Frameworks",
				);
				MARKETING_VERSION = 1.0;
				PRODUCT_BUNDLE_IDENTIFIER = com.cevatuygur.TwitterCloneApp;
				PRODUCT_NAME = "$(TARGET_NAME)";
				SWIFT_EMIT_LOC_STRINGS = YES;
				SWIFT_VERSION = 5.0;
				TARGETED_DEVICE_FAMILY = "1,2";
			};
			name = Debug;
		};
		CFF08FC2295653AB0001AEAB /* Release */ = {
			isa = XCBuildConfiguration;
			baseConfigurationReference = A590350E91586BC2BE909109 /* Pods-TwitterCloneApp.release.xcconfig */;
			buildSettings = {
				ASSETCATALOG_COMPILER_APPICON_NAME = AppIcon;
				ASSETCATALOG_COMPILER_GLOBAL_ACCENT_COLOR_NAME = AccentColor;
				CODE_SIGN_STYLE = Automatic;
				CURRENT_PROJECT_VERSION = 1;
				DEVELOPMENT_TEAM = NKA7PWRC7T;
				GENERATE_INFOPLIST_FILE = YES;
				INFOPLIST_FILE = TwitterCloneApp/Info.plist;
				INFOPLIST_KEY_UIApplicationSupportsIndirectInputEvents = YES;
				INFOPLIST_KEY_UILaunchStoryboardName = LaunchScreen;
				INFOPLIST_KEY_UIMainStoryboardFile = Main;
				INFOPLIST_KEY_UIStatusBarStyle = "";
				INFOPLIST_KEY_UISupportedInterfaceOrientations_iPad = "UIInterfaceOrientationPortrait UIInterfaceOrientationPortraitUpsideDown UIInterfaceOrientationLandscapeLeft UIInterfaceOrientationLandscapeRight";
				INFOPLIST_KEY_UISupportedInterfaceOrientations_iPhone = "UIInterfaceOrientationPortrait UIInterfaceOrientationLandscapeLeft UIInterfaceOrientationLandscapeRight";
				IPHONEOS_DEPLOYMENT_TARGET = 13.0;
				LD_RUNPATH_SEARCH_PATHS = (
					"$(inherited)",
					"@executable_path/Frameworks",
				);
				MARKETING_VERSION = 1.0;
				PRODUCT_BUNDLE_IDENTIFIER = com.cevatuygur.TwitterCloneApp;
				PRODUCT_NAME = "$(TARGET_NAME)";
				SWIFT_EMIT_LOC_STRINGS = YES;
				SWIFT_VERSION = 5.0;
				TARGETED_DEVICE_FAMILY = "1,2";
			};
			name = Release;
		};
/* End XCBuildConfiguration section */

/* Begin XCConfigurationList section */
		CFF08FA7295653AA0001AEAB /* Build configuration list for PBXProject "TwitterCloneApp" */ = {
			isa = XCConfigurationList;
			buildConfigurations = (
				CFF08FBE295653AB0001AEAB /* Debug */,
				CFF08FBF295653AB0001AEAB /* Release */,
			);
			defaultConfigurationIsVisible = 0;
			defaultConfigurationName = Release;
		};
		CFF08FC0295653AB0001AEAB /* Build configuration list for PBXNativeTarget "TwitterCloneApp" */ = {
			isa = XCConfigurationList;
			buildConfigurations = (
				CFF08FC1295653AB0001AEAB /* Debug */,
				CFF08FC2295653AB0001AEAB /* Release */,
			);
			defaultConfigurationIsVisible = 0;
			defaultConfigurationName = Release;
		};
/* End XCConfigurationList section */
	};
	rootObject = CFF08FA4295653AA0001AEAB /* Project object */;
}
